// !$*UTF8*$!
{
	archiveVersion = 1;
	classes = {
	};
	objectVersion = 46;
	objects = {

/* Begin PBXBuildFile section */
		B31D1E671E89E59400B32DBA /* CGFloat+Extensions.swift in Sources */ = {isa = PBXBuildFile; fileRef = B31D1E5B1E89E59400B32DBA /* CGFloat+Extensions.swift */; };
		B31D1E681E89E59400B32DBA /* CGPoint+Extensions.swift in Sources */ = {isa = PBXBuildFile; fileRef = B31D1E5C1E89E59400B32DBA /* CGPoint+Extensions.swift */; };
		B31D1E691E89E59400B32DBA /* CGVector+Extensions.swift in Sources */ = {isa = PBXBuildFile; fileRef = B31D1E5D1E89E59400B32DBA /* CGVector+Extensions.swift */; };
		B31D1E6A1E89E59400B32DBA /* Int+Extensions.swift in Sources */ = {isa = PBXBuildFile; fileRef = B31D1E5E1E89E59400B32DBA /* Int+Extensions.swift */; };
		B31D1E6B1E89E59400B32DBA /* SKAction+Extensions.swift in Sources */ = {isa = PBXBuildFile; fileRef = B31D1E5F1E89E59400B32DBA /* SKAction+Extensions.swift */; };
		B31D1E6C1E89E59400B32DBA /* SKAction+SpecialEffects.swift in Sources */ = {isa = PBXBuildFile; fileRef = B31D1E601E89E59400B32DBA /* SKAction+SpecialEffects.swift */; };
		B31D1E6D1E89E59400B32DBA /* SKColor+Extensions.swift in Sources */ = {isa = PBXBuildFile; fileRef = B31D1E611E89E59400B32DBA /* SKColor+Extensions.swift */; };
		B31D1E6E1E89E59400B32DBA /* SKNode+Extensions.swift in Sources */ = {isa = PBXBuildFile; fileRef = B31D1E621E89E59400B32DBA /* SKNode+Extensions.swift */; };
		B31D1E6F1E89E59400B32DBA /* SKTAudio.swift in Sources */ = {isa = PBXBuildFile; fileRef = B31D1E631E89E59400B32DBA /* SKTAudio.swift */; };
		B31D1E701E89E59400B32DBA /* SKTEffects.swift in Sources */ = {isa = PBXBuildFile; fileRef = B31D1E641E89E59400B32DBA /* SKTEffects.swift */; };
		B31D1E711E89E59400B32DBA /* SKTTimingFunctions.swift in Sources */ = {isa = PBXBuildFile; fileRef = B31D1E651E89E59400B32DBA /* SKTTimingFunctions.swift */; };
		B31D1E721E89E59400B32DBA /* Vector3.swift in Sources */ = {isa = PBXBuildFile; fileRef = B31D1E661E89E59400B32DBA /* Vector3.swift */; };
		B31D1E741E89EE9300B32DBA /* Penguin.sks in Resources */ = {isa = PBXBuildFile; fileRef = B31D1E731E89EE9300B32DBA /* Penguin.sks */; };
		B3879C4C1E8783F000FDAC8A /* AppDelegate.swift in Sources */ = {isa = PBXBuildFile; fileRef = B3879C4B1E8783F000FDAC8A /* AppDelegate.swift */; };
		B3879C4E1E8783F000FDAC8A /* GameScene.sks in Resources */ = {isa = PBXBuildFile; fileRef = B3879C4D1E8783F000FDAC8A /* GameScene.sks */; };
		B3879C501E8783F000FDAC8A /* Actions.sks in Resources */ = {isa = PBXBuildFile; fileRef = B3879C4F1E8783F000FDAC8A /* Actions.sks */; };
		B3879C521E8783F000FDAC8A /* GameScene.swift in Sources */ = {isa = PBXBuildFile; fileRef = B3879C511E8783F000FDAC8A /* GameScene.swift */; };
		B3879C541E8783F000FDAC8A /* GameViewController.swift in Sources */ = {isa = PBXBuildFile; fileRef = B3879C531E8783F000FDAC8A /* GameViewController.swift */; };
		B3879C571E8783F000FDAC8A /* Main.storyboard in Resources */ = {isa = PBXBuildFile; fileRef = B3879C551E8783F000FDAC8A /* Main.storyboard */; };
		B3879C591E8783F000FDAC8A /* Assets.xcassets in Resources */ = {isa = PBXBuildFile; fileRef = B3879C581E8783F000FDAC8A /* Assets.xcassets */; };
		B3879C5C1E8783F000FDAC8A /* LaunchScreen.storyboard in Resources */ = {isa = PBXBuildFile; fileRef = B3879C5A1E8783F000FDAC8A /* LaunchScreen.storyboard */; };
		B3879C671E8783F000FDAC8A /* PeevedPenguinsTests.swift in Sources */ = {isa = PBXBuildFile; fileRef = B3879C661E8783F000FDAC8A /* PeevedPenguinsTests.swift */; };
		B3879C721E8783F000FDAC8A /* PeevedPenguinsUITests.swift in Sources */ = {isa = PBXBuildFile; fileRef = B3879C711E8783F000FDAC8A /* PeevedPenguinsUITests.swift */; };
		B3879C801E87855300FDAC8A /* assets.atlas in Resources */ = {isa = PBXBuildFile; fileRef = B3879C7F1E87855300FDAC8A /* assets.atlas */; };
		B3879C821E87859E00FDAC8A /* Bear.sks in Resources */ = {isa = PBXBuildFile; fileRef = B3879C811E87859E00FDAC8A /* Bear.sks */; };
		B3879C841E87879800FDAC8A /* CharacterAction.sks in Resources */ = {isa = PBXBuildFile; fileRef = B3879C831E87879800FDAC8A /* CharacterAction.sks */; };
		B3879C861E8788F400FDAC8A /* Penguin.sks in Resources */ = {isa = PBXBuildFile; fileRef = B3879C851E8788F400FDAC8A /* Penguin.sks */; };
		B3879C881E878A0000FDAC8A /* MSReferenceNode.swift in Sources */ = {isa = PBXBuildFile; fileRef = B3879C871E878A0000FDAC8A /* MSReferenceNode.swift */; };
		B3879C8A1E878A4E00FDAC8A /* Seal.sks in Resources */ = {isa = PBXBuildFile; fileRef = B3879C891E878A4E00FDAC8A /* Seal.sks */; };
		B3879C8D1E878BCC00FDAC8A /* MainScene.sks in Resources */ = {isa = PBXBuildFile; fileRef = B3879C8C1E878BCC00FDAC8A /* MainScene.sks */; };
		B3879C8F1E878CE600FDAC8A /* MSButtonNode.swift in Sources */ = {isa = PBXBuildFile; fileRef = B3879C8E1E878CE600FDAC8A /* MSButtonNode.swift */; };
		B3879C911E878F7500FDAC8A /* MainScene.swift in Sources */ = {isa = PBXBuildFile; fileRef = B3879C901E878F7500FDAC8A /* MainScene.swift */; };
/* End PBXBuildFile section */

/* Begin PBXContainerItemProxy section */
		B3879C631E8783F000FDAC8A /* PBXContainerItemProxy */ = {
			isa = PBXContainerItemProxy;
			containerPortal = B3879C401E8783F000FDAC8A /* Project object */;
			proxyType = 1;
			remoteGlobalIDString = B3879C471E8783F000FDAC8A;
			remoteInfo = PeevedPenguins;
		};
		B3879C6E1E8783F000FDAC8A /* PBXContainerItemProxy */ = {
			isa = PBXContainerItemProxy;
			containerPortal = B3879C401E8783F000FDAC8A /* Project object */;
			proxyType = 1;
			remoteGlobalIDString = B3879C471E8783F000FDAC8A;
			remoteInfo = PeevedPenguins;
		};
/* End PBXContainerItemProxy section */

/* Begin PBXFileReference section */
		B31D1E5B1E89E59400B32DBA /* CGFloat+Extensions.swift */ = {isa = PBXFileReference; fileEncoding = 4; lastKnownFileType = sourcecode.swift; path = "CGFloat+Extensions.swift"; sourceTree = "<group>"; };
		B31D1E5C1E89E59400B32DBA /* CGPoint+Extensions.swift */ = {isa = PBXFileReference; fileEncoding = 4; lastKnownFileType = sourcecode.swift; path = "CGPoint+Extensions.swift"; sourceTree = "<group>"; };
		B31D1E5D1E89E59400B32DBA /* CGVector+Extensions.swift */ = {isa = PBXFileReference; fileEncoding = 4; lastKnownFileType = sourcecode.swift; path = "CGVector+Extensions.swift"; sourceTree = "<group>"; };
		B31D1E5E1E89E59400B32DBA /* Int+Extensions.swift */ = {isa = PBXFileReference; fileEncoding = 4; lastKnownFileType = sourcecode.swift; path = "Int+Extensions.swift"; sourceTree = "<group>"; };
		B31D1E5F1E89E59400B32DBA /* SKAction+Extensions.swift */ = {isa = PBXFileReference; fileEncoding = 4; lastKnownFileType = sourcecode.swift; path = "SKAction+Extensions.swift"; sourceTree = "<group>"; };
		B31D1E601E89E59400B32DBA /* SKAction+SpecialEffects.swift */ = {isa = PBXFileReference; fileEncoding = 4; lastKnownFileType = sourcecode.swift; path = "SKAction+SpecialEffects.swift"; sourceTree = "<group>"; };
		B31D1E611E89E59400B32DBA /* SKColor+Extensions.swift */ = {isa = PBXFileReference; fileEncoding = 4; lastKnownFileType = sourcecode.swift; path = "SKColor+Extensions.swift"; sourceTree = "<group>"; };
		B31D1E621E89E59400B32DBA /* SKNode+Extensions.swift */ = {isa = PBXFileReference; fileEncoding = 4; lastKnownFileType = sourcecode.swift; path = "SKNode+Extensions.swift"; sourceTree = "<group>"; };
		B31D1E631E89E59400B32DBA /* SKTAudio.swift */ = {isa = PBXFileReference; fileEncoding = 4; lastKnownFileType = sourcecode.swift; path = SKTAudio.swift; sourceTree = "<group>"; };
		B31D1E641E89E59400B32DBA /* SKTEffects.swift */ = {isa = PBXFileReference; fileEncoding = 4; lastKnownFileType = sourcecode.swift; path = SKTEffects.swift; sourceTree = "<group>"; };
		B31D1E651E89E59400B32DBA /* SKTTimingFunctions.swift */ = {isa = PBXFileReference; fileEncoding = 4; lastKnownFileType = sourcecode.swift; path = SKTTimingFunctions.swift; sourceTree = "<group>"; };
		B31D1E661E89E59400B32DBA /* Vector3.swift */ = {isa = PBXFileReference; fileEncoding = 4; lastKnownFileType = sourcecode.swift; path = Vector3.swift; sourceTree = "<group>"; };
		B31D1E731E89EE9300B32DBA /* Penguin.sks */ = {isa = PBXFileReference; lastKnownFileType = file.sks; path = Penguin.sks; sourceTree = "<group>"; };
		B3879C481E8783F000FDAC8A /* PeevedPenguins.app */ = {isa = PBXFileReference; explicitFileType = wrapper.application; includeInIndex = 0; path = PeevedPenguins.app; sourceTree = BUILT_PRODUCTS_DIR; };
		B3879C4B1E8783F000FDAC8A /* AppDelegate.swift */ = {isa = PBXFileReference; lastKnownFileType = sourcecode.swift; path = AppDelegate.swift; sourceTree = "<group>"; };
		B3879C4D1E8783F000FDAC8A /* GameScene.sks */ = {isa = PBXFileReference; lastKnownFileType = file.sks; path = GameScene.sks; sourceTree = "<group>"; };
		B3879C4F1E8783F000FDAC8A /* Actions.sks */ = {isa = PBXFileReference; lastKnownFileType = file.sks; path = Actions.sks; sourceTree = "<group>"; };
		B3879C511E8783F000FDAC8A /* GameScene.swift */ = {isa = PBXFileReference; lastKnownFileType = sourcecode.swift; path = GameScene.swift; sourceTree = "<group>"; };
		B3879C531E8783F000FDAC8A /* GameViewController.swift */ = {isa = PBXFileReference; lastKnownFileType = sourcecode.swift; path = GameViewController.swift; sourceTree = "<group>"; };
		B3879C561E8783F000FDAC8A /* Base */ = {isa = PBXFileReference; lastKnownFileType = file.storyboard; name = Base; path = Base.lproj/Main.storyboard; sourceTree = "<group>"; };
		B3879C581E8783F000FDAC8A /* Assets.xcassets */ = {isa = PBXFileReference; lastKnownFileType = folder.assetcatalog; path = Assets.xcassets; sourceTree = "<group>"; };
		B3879C5B1E8783F000FDAC8A /* Base */ = {isa = PBXFileReference; lastKnownFileType = file.storyboard; name = Base; path = Base.lproj/LaunchScreen.storyboard; sourceTree = "<group>"; };
		B3879C5D1E8783F000FDAC8A /* Info.plist */ = {isa = PBXFileReference; lastKnownFileType = text.plist.xml; path = Info.plist; sourceTree = "<group>"; };
		B3879C621E8783F000FDAC8A /* PeevedPenguinsTests.xctest */ = {isa = PBXFileReference; explicitFileType = wrapper.cfbundle; includeInIndex = 0; path = PeevedPenguinsTests.xctest; sourceTree = BUILT_PRODUCTS_DIR; };
		B3879C661E8783F000FDAC8A /* PeevedPenguinsTests.swift */ = {isa = PBXFileReference; lastKnownFileType = sourcecode.swift; path = PeevedPenguinsTests.swift; sourceTree = "<group>"; };
		B3879C681E8783F000FDAC8A /* Info.plist */ = {isa = PBXFileReference; lastKnownFileType = text.plist.xml; path = Info.plist; sourceTree = "<group>"; };
		B3879C6D1E8783F000FDAC8A /* PeevedPenguinsUITests.xctest */ = {isa = PBXFileReference; explicitFileType = wrapper.cfbundle; includeInIndex = 0; path = PeevedPenguinsUITests.xctest; sourceTree = BUILT_PRODUCTS_DIR; };
		B3879C711E8783F000FDAC8A /* PeevedPenguinsUITests.swift */ = {isa = PBXFileReference; lastKnownFileType = sourcecode.swift; path = PeevedPenguinsUITests.swift; sourceTree = "<group>"; };
		B3879C731E8783F000FDAC8A /* Info.plist */ = {isa = PBXFileReference; lastKnownFileType = text.plist.xml; path = Info.plist; sourceTree = "<group>"; };
		B3879C7F1E87855300FDAC8A /* assets.atlas */ = {isa = PBXFileReference; lastKnownFileType = folder.skatlas; path = assets.atlas; sourceTree = "<group>"; };
		B3879C811E87859E00FDAC8A /* Bear.sks */ = {isa = PBXFileReference; lastKnownFileType = file.sks; path = Bear.sks; sourceTree = "<group>"; };
		B3879C831E87879800FDAC8A /* CharacterAction.sks */ = {isa = PBXFileReference; lastKnownFileType = file.sks; name = CharacterAction.sks; path = ../CharacterAction.sks; sourceTree = "<group>"; };
		B3879C851E8788F400FDAC8A /* Penguin.sks */ = {isa = PBXFileReference; lastKnownFileType = file.sks; name = Penguin.sks; path = ../../Penguin.sks; sourceTree = "<group>"; };
		B3879C871E878A0000FDAC8A /* MSReferenceNode.swift */ = {isa = PBXFileReference; fileEncoding = 4; lastKnownFileType = sourcecode.swift; path = MSReferenceNode.swift; sourceTree = "<group>"; };
		B3879C891E878A4E00FDAC8A /* Seal.sks */ = {isa = PBXFileReference; lastKnownFileType = file.sks; path = Seal.sks; sourceTree = "<group>"; };
		B3879C8C1E878BCC00FDAC8A /* MainScene.sks */ = {isa = PBXFileReference; lastKnownFileType = file.sks; path = MainScene.sks; sourceTree = "<group>"; };
		B3879C8E1E878CE600FDAC8A /* MSButtonNode.swift */ = {isa = PBXFileReference; fileEncoding = 4; lastKnownFileType = sourcecode.swift; path = MSButtonNode.swift; sourceTree = "<group>"; };
		B3879C901E878F7500FDAC8A /* MainScene.swift */ = {isa = PBXFileReference; fileEncoding = 4; lastKnownFileType = sourcecode.swift; path = MainScene.swift; sourceTree = "<group>"; };
/* End PBXFileReference section */

/* Begin PBXFrameworksBuildPhase section */
		B3879C451E8783F000FDAC8A /* Frameworks */ = {
			isa = PBXFrameworksBuildPhase;
			buildActionMask = 2147483647;
			files = (
			);
			runOnlyForDeploymentPostprocessing = 0;
		};
		B3879C5F1E8783F000FDAC8A /* Frameworks */ = {
			isa = PBXFrameworksBuildPhase;
			buildActionMask = 2147483647;
			files = (
			);
			runOnlyForDeploymentPostprocessing = 0;
		};
		B3879C6A1E8783F000FDAC8A /* Frameworks */ = {
			isa = PBXFrameworksBuildPhase;
			buildActionMask = 2147483647;
			files = (
			);
			runOnlyForDeploymentPostprocessing = 0;
		};
/* End PBXFrameworksBuildPhase section */

/* Begin PBXGroup section */
		B31D1E5A1E89E59400B32DBA /* SKTUtils */ = {
			isa = PBXGroup;
			children = (
				B3879C851E8788F400FDAC8A /* Penguin.sks */,
				B31D1E5B1E89E59400B32DBA /* CGFloat+Extensions.swift */,
				B31D1E5C1E89E59400B32DBA /* CGPoint+Extensions.swift */,
				B31D1E5D1E89E59400B32DBA /* CGVector+Extensions.swift */,
				B31D1E5E1E89E59400B32DBA /* Int+Extensions.swift */,
				B31D1E5F1E89E59400B32DBA /* SKAction+Extensions.swift */,
				B31D1E601E89E59400B32DBA /* SKAction+SpecialEffects.swift */,
				B31D1E611E89E59400B32DBA /* SKColor+Extensions.swift */,
				B31D1E621E89E59400B32DBA /* SKNode+Extensions.swift */,
				B31D1E631E89E59400B32DBA /* SKTAudio.swift */,
				B31D1E641E89E59400B32DBA /* SKTEffects.swift */,
				B31D1E651E89E59400B32DBA /* SKTTimingFunctions.swift */,
				B31D1E661E89E59400B32DBA /* Vector3.swift */,
			);
			name = SKTUtils;
			path = assets.atlas/SKTUtils;
			sourceTree = "<group>";
		};
		B3879C3F1E8783F000FDAC8A = {
			isa = PBXGroup;
			children = (
				B3879C4A1E8783F000FDAC8A /* PeevedPenguins */,
				B3879C651E8783F000FDAC8A /* PeevedPenguinsTests */,
				B3879C701E8783F000FDAC8A /* PeevedPenguinsUITests */,
				B3879C491E8783F000FDAC8A /* Products */,
			);
			sourceTree = "<group>";
		};
		B3879C491E8783F000FDAC8A /* Products */ = {
			isa = PBXGroup;
			children = (
				B3879C481E8783F000FDAC8A /* PeevedPenguins.app */,
				B3879C621E8783F000FDAC8A /* PeevedPenguinsTests.xctest */,
				B3879C6D1E8783F000FDAC8A /* PeevedPenguinsUITests.xctest */,
			);
			name = Products;
			sourceTree = "<group>";
		};
		B3879C4A1E8783F000FDAC8A /* PeevedPenguins */ = {
			isa = PBXGroup;
			children = (
				B31D1E5A1E89E59400B32DBA /* SKTUtils */,
				B3879C8B1E878AFC00FDAC8A /* Nodes */,
				B3879C7F1E87855300FDAC8A /* assets.atlas */,
				B3879C4B1E8783F000FDAC8A /* AppDelegate.swift */,
				B3879C4D1E8783F000FDAC8A /* GameScene.sks */,
				B3879C8C1E878BCC00FDAC8A /* MainScene.sks */,
				B3879C4F1E8783F000FDAC8A /* Actions.sks */,
				B3879C831E87879800FDAC8A /* CharacterAction.sks */,
				B3879C511E8783F000FDAC8A /* GameScene.swift */,
				B3879C901E878F7500FDAC8A /* MainScene.swift */,
				B3879C531E8783F000FDAC8A /* GameViewController.swift */,
				B3879C871E878A0000FDAC8A /* MSReferenceNode.swift */,
				B3879C8E1E878CE600FDAC8A /* MSButtonNode.swift */,
				B3879C551E8783F000FDAC8A /* Main.storyboard */,
				B3879C581E8783F000FDAC8A /* Assets.xcassets */,
				B3879C5A1E8783F000FDAC8A /* LaunchScreen.storyboard */,
				B3879C5D1E8783F000FDAC8A /* Info.plist */,
			);
			path = PeevedPenguins;
			sourceTree = "<group>";
		};
		B3879C651E8783F000FDAC8A /* PeevedPenguinsTests */ = {
			isa = PBXGroup;
			children = (
				B3879C661E8783F000FDAC8A /* PeevedPenguinsTests.swift */,
				B3879C681E8783F000FDAC8A /* Info.plist */,
			);
			path = PeevedPenguinsTests;
			sourceTree = "<group>";
		};
		B3879C701E8783F000FDAC8A /* PeevedPenguinsUITests */ = {
			isa = PBXGroup;
			children = (
				B3879C711E8783F000FDAC8A /* PeevedPenguinsUITests.swift */,
				B3879C731E8783F000FDAC8A /* Info.plist */,
			);
			path = PeevedPenguinsUITests;
			sourceTree = "<group>";
		};
		B3879C8B1E878AFC00FDAC8A /* Nodes */ = {
			isa = PBXGroup;
			children = (
				B31D1E731E89EE9300B32DBA /* Penguin.sks */,
				B3879C811E87859E00FDAC8A /* Bear.sks */,
				B3879C891E878A4E00FDAC8A /* Seal.sks */,
			);
			name = Nodes;
			sourceTree = "<group>";
		};
/* End PBXGroup section */

/* Begin PBXNativeTarget section */
		B3879C471E8783F000FDAC8A /* PeevedPenguins */ = {
			isa = PBXNativeTarget;
			buildConfigurationList = B3879C761E8783F000FDAC8A /* Build configuration list for PBXNativeTarget "PeevedPenguins" */;
			buildPhases = (
				B3879C441E8783F000FDAC8A /* Sources */,
				B3879C451E8783F000FDAC8A /* Frameworks */,
				B3879C461E8783F000FDAC8A /* Resources */,
			);
			buildRules = (
			);
			dependencies = (
			);
			name = PeevedPenguins;
			productName = PeevedPenguins;
			productReference = B3879C481E8783F000FDAC8A /* PeevedPenguins.app */;
			productType = "com.apple.product-type.application";
		};
		B3879C611E8783F000FDAC8A /* PeevedPenguinsTests */ = {
			isa = PBXNativeTarget;
			buildConfigurationList = B3879C791E8783F000FDAC8A /* Build configuration list for PBXNativeTarget "PeevedPenguinsTests" */;
			buildPhases = (
				B3879C5E1E8783F000FDAC8A /* Sources */,
				B3879C5F1E8783F000FDAC8A /* Frameworks */,
				B3879C601E8783F000FDAC8A /* Resources */,
			);
			buildRules = (
			);
			dependencies = (
				B3879C641E8783F000FDAC8A /* PBXTargetDependency */,
			);
			name = PeevedPenguinsTests;
			productName = PeevedPenguinsTests;
			productReference = B3879C621E8783F000FDAC8A /* PeevedPenguinsTests.xctest */;
			productType = "com.apple.product-type.bundle.unit-test";
		};
		B3879C6C1E8783F000FDAC8A /* PeevedPenguinsUITests */ = {
			isa = PBXNativeTarget;
			buildConfigurationList = B3879C7C1E8783F000FDAC8A /* Build configuration list for PBXNativeTarget "PeevedPenguinsUITests" */;
			buildPhases = (
				B3879C691E8783F000FDAC8A /* Sources */,
				B3879C6A1E8783F000FDAC8A /* Frameworks */,
				B3879C6B1E8783F000FDAC8A /* Resources */,
			);
			buildRules = (
			);
			dependencies = (
				B3879C6F1E8783F000FDAC8A /* PBXTargetDependency */,
			);
			name = PeevedPenguinsUITests;
			productName = PeevedPenguinsUITests;
			productReference = B3879C6D1E8783F000FDAC8A /* PeevedPenguinsUITests.xctest */;
			productType = "com.apple.product-type.bundle.ui-testing";
		};
/* End PBXNativeTarget section */

/* Begin PBXProject section */
		B3879C401E8783F000FDAC8A /* Project object */ = {
			isa = PBXProject;
			attributes = {
				LastSwiftUpdateCheck = 0820;
				LastUpgradeCheck = 0820;
				ORGANIZATIONNAME = Cappillen;
				TargetAttributes = {
					B3879C471E8783F000FDAC8A = {
						CreatedOnToolsVersion = 8.2.1;
						DevelopmentTeam = 6E9XW5U7WR;
						ProvisioningStyle = Automatic;
					};
					B3879C611E8783F000FDAC8A = {
						CreatedOnToolsVersion = 8.2.1;
						DevelopmentTeam = 6E9XW5U7WR;
						ProvisioningStyle = Automatic;
						TestTargetID = B3879C471E8783F000FDAC8A;
					};
					B3879C6C1E8783F000FDAC8A = {
						CreatedOnToolsVersion = 8.2.1;
						DevelopmentTeam = 6E9XW5U7WR;
						ProvisioningStyle = Automatic;
						TestTargetID = B3879C471E8783F000FDAC8A;
					};
				};
			};
			buildConfigurationList = B3879C431E8783F000FDAC8A /* Build configuration list for PBXProject "PeevedPenguins" */;
			compatibilityVersion = "Xcode 3.2";
			developmentRegion = English;
			hasScannedForEncodings = 0;
			knownRegions = (
				en,
				Base,
			);
			mainGroup = B3879C3F1E8783F000FDAC8A;
			productRefGroup = B3879C491E8783F000FDAC8A /* Products */;
			projectDirPath = "";
			projectRoot = "";
			targets = (
				B3879C471E8783F000FDAC8A /* PeevedPenguins */,
				B3879C611E8783F000FDAC8A /* PeevedPenguinsTests */,
				B3879C6C1E8783F000FDAC8A /* PeevedPenguinsUITests */,
			);
		};
/* End PBXProject section */

/* Begin PBXResourcesBuildPhase section */
		B3879C461E8783F000FDAC8A /* Resources */ = {
			isa = PBXResourcesBuildPhase;
			buildActionMask = 2147483647;
			files = (
				B3879C821E87859E00FDAC8A /* Bear.sks in Resources */,
				B3879C571E8783F000FDAC8A /* Main.storyboard in Resources */,
				B3879C861E8788F400FDAC8A /* Penguin.sks in Resources */,
				B3879C4E1E8783F000FDAC8A /* GameScene.sks in Resources */,
				B3879C801E87855300FDAC8A /* assets.atlas in Resources */,
				B3879C591E8783F000FDAC8A /* Assets.xcassets in Resources */,
				B3879C8D1E878BCC00FDAC8A /* MainScene.sks in Resources */,
				B3879C841E87879800FDAC8A /* CharacterAction.sks in Resources */,
				B31D1E741E89EE9300B32DBA /* Penguin.sks in Resources */,
				B3879C5C1E8783F000FDAC8A /* LaunchScreen.storyboard in Resources */,
				B3879C8A1E878A4E00FDAC8A /* Seal.sks in Resources */,
				B3879C501E8783F000FDAC8A /* Actions.sks in Resources */,
			);
			runOnlyForDeploymentPostprocessing = 0;
		};
		B3879C601E8783F000FDAC8A /* Resources */ = {
			isa = PBXResourcesBuildPhase;
			buildActionMask = 2147483647;
			files = (
			);
			runOnlyForDeploymentPostprocessing = 0;
		};
		B3879C6B1E8783F000FDAC8A /* Resources */ = {
			isa = PBXResourcesBuildPhase;
			buildActionMask = 2147483647;
			files = (
			);
			runOnlyForDeploymentPostprocessing = 0;
		};
/* End PBXResourcesBuildPhase section */

/* Begin PBXSourcesBuildPhase section */
		B3879C441E8783F000FDAC8A /* Sources */ = {
			isa = PBXSourcesBuildPhase;
			buildActionMask = 2147483647;
			files = (
				B3879C521E8783F000FDAC8A /* GameScene.swift in Sources */,
				B31D1E711E89E59400B32DBA /* SKTTimingFunctions.swift in Sources */,
				B3879C881E878A0000FDAC8A /* MSReferenceNode.swift in Sources */,
				B31D1E691E89E59400B32DBA /* CGVector+Extensions.swift in Sources */,
				B31D1E681E89E59400B32DBA /* CGPoint+Extensions.swift in Sources */,
				B31D1E671E89E59400B32DBA /* CGFloat+Extensions.swift in Sources */,
				B3879C541E8783F000FDAC8A /* GameViewController.swift in Sources */,
				B31D1E6F1E89E59400B32DBA /* SKTAudio.swift in Sources */,
				B3879C911E878F7500FDAC8A /* MainScene.swift in Sources */,
				B31D1E6E1E89E59400B32DBA /* SKNode+Extensions.swift in Sources */,
				B31D1E6B1E89E59400B32DBA /* SKAction+Extensions.swift in Sources */,
				B31D1E6C1E89E59400B32DBA /* SKAction+SpecialEffects.swift in Sources */,
				B3879C4C1E8783F000FDAC8A /* AppDelegate.swift in Sources */,
				B3879C8F1E878CE600FDAC8A /* MSButtonNode.swift in Sources */,
				B31D1E701E89E59400B32DBA /* SKTEffects.swift in Sources */,
				B31D1E6A1E89E59400B32DBA /* Int+Extensions.swift in Sources */,
				B31D1E721E89E59400B32DBA /* Vector3.swift in Sources */,
				B31D1E6D1E89E59400B32DBA /* SKColor+Extensions.swift in Sources */,
			);
			runOnlyForDeploymentPostprocessing = 0;
		};
		B3879C5E1E8783F000FDAC8A /* Sources */ = {
			isa = PBXSourcesBuildPhase;
			buildActionMask = 2147483647;
			files = (
				B3879C671E8783F000FDAC8A /* PeevedPenguinsTests.swift in Sources */,
			);
			runOnlyForDeploymentPostprocessing = 0;
		};
		B3879C691E8783F000FDAC8A /* Sources */ = {
			isa = PBXSourcesBuildPhase;
			buildActionMask = 2147483647;
			files = (
				B3879C721E8783F000FDAC8A /* PeevedPenguinsUITests.swift in Sources */,
			);
			runOnlyForDeploymentPostprocessing = 0;
		};
/* End PBXSourcesBuildPhase section */

/* Begin PBXTargetDependency section */
		B3879C641E8783F000FDAC8A /* PBXTargetDependency */ = {
			isa = PBXTargetDependency;
			target = B3879C471E8783F000FDAC8A /* PeevedPenguins */;
			targetProxy = B3879C631E8783F000FDAC8A /* PBXContainerItemProxy */;
		};
		B3879C6F1E8783F000FDAC8A /* PBXTargetDependency */ = {
			isa = PBXTargetDependency;
			target = B3879C471E8783F000FDAC8A /* PeevedPenguins */;
			targetProxy = B3879C6E1E8783F000FDAC8A /* PBXContainerItemProxy */;
		};
/* End PBXTargetDependency section */

/* Begin PBXVariantGroup section */
		B3879C551E8783F000FDAC8A /* Main.storyboard */ = {
			isa = PBXVariantGroup;
			children = (
				B3879C561E8783F000FDAC8A /* Base */,
			);
			name = Main.storyboard;
			sourceTree = "<group>";
		};
		B3879C5A1E8783F000FDAC8A /* LaunchScreen.storyboard */ = {
			isa = PBXVariantGroup;
			children = (
				B3879C5B1E8783F000FDAC8A /* Base */,
			);
			name = LaunchScreen.storyboard;
			sourceTree = "<group>";
		};
/* End PBXVariantGroup section */

/* Begin XCBuildConfiguration section */
		B3879C741E8783F000FDAC8A /* Debug */ = {
			isa = XCBuildConfiguration;
			buildSettings = {
				ALWAYS_SEARCH_USER_PATHS = NO;
				CLANG_ANALYZER_NONNULL = YES;
				CLANG_CXX_LANGUAGE_STANDARD = "gnu++0x";
				CLANG_CXX_LIBRARY = "libc++";
				CLANG_ENABLE_MODULES = YES;
				CLANG_ENABLE_OBJC_ARC = YES;
				CLANG_WARN_BOOL_CONVERSION = YES;
				CLANG_WARN_CONSTANT_CONVERSION = YES;
				CLANG_WARN_DIRECT_OBJC_ISA_USAGE = YES_ERROR;
				CLANG_WARN_DOCUMENTATION_COMMENTS = YES;
				CLANG_WARN_EMPTY_BODY = YES;
				CLANG_WARN_ENUM_CONVERSION = YES;
				CLANG_WARN_INFINITE_RECURSION = YES;
				CLANG_WARN_INT_CONVERSION = YES;
				CLANG_WARN_OBJC_ROOT_CLASS = YES_ERROR;
				CLANG_WARN_SUSPICIOUS_MOVE = YES;
				CLANG_WARN_UNREACHABLE_CODE = YES;
				CLANG_WARN__DUPLICATE_METHOD_MATCH = YES;
				"CODE_SIGN_IDENTITY[sdk=iphoneos*]" = "iPhone Developer";
				COPY_PHASE_STRIP = NO;
				DEBUG_INFORMATION_FORMAT = dwarf;
				ENABLE_STRICT_OBJC_MSGSEND = YES;
				ENABLE_TESTABILITY = YES;
				GCC_C_LANGUAGE_STANDARD = gnu99;
				GCC_DYNAMIC_NO_PIC = NO;
				GCC_NO_COMMON_BLOCKS = YES;
				GCC_OPTIMIZATION_LEVEL = 0;
				GCC_PREPROCESSOR_DEFINITIONS = (
					"DEBUG=1",
					"$(inherited)",
				);
				GCC_WARN_64_TO_32_BIT_CONVERSION = YES;
				GCC_WARN_ABOUT_RETURN_TYPE = YES_ERROR;
				GCC_WARN_UNDECLARED_SELECTOR = YES;
				GCC_WARN_UNINITIALIZED_AUTOS = YES_AGGRESSIVE;
				GCC_WARN_UNUSED_FUNCTION = YES;
				GCC_WARN_UNUSED_VARIABLE = YES;
				IPHONEOS_DEPLOYMENT_TARGET = 10.2;
				MTL_ENABLE_DEBUG_INFO = YES;
				ONLY_ACTIVE_ARCH = YES;
				SDKROOT = iphoneos;
				SWIFT_ACTIVE_COMPILATION_CONDITIONS = DEBUG;
				SWIFT_OPTIMIZATION_LEVEL = "-Onone";
				TARGETED_DEVICE_FAMILY = "1,2";
			};
			name = Debug;
		};
		B3879C751E8783F000FDAC8A /* Release */ = {
			isa = XCBuildConfiguration;
			buildSettings = {
				ALWAYS_SEARCH_USER_PATHS = NO;
				CLANG_ANALYZER_NONNULL = YES;
				CLANG_CXX_LANGUAGE_STANDARD = "gnu++0x";
				CLANG_CXX_LIBRARY = "libc++";
				CLANG_ENABLE_MODULES = YES;
				CLANG_ENABLE_OBJC_ARC = YES;
				CLANG_WARN_BOOL_CONVERSION = YES;
				CLANG_WARN_CONSTANT_CONVERSION = YES;
				CLANG_WARN_DIRECT_OBJC_ISA_USAGE = YES_ERROR;
				CLANG_WARN_DOCUMENTATION_COMMENTS = YES;
				CLANG_WARN_EMPTY_BODY = YES;
				CLANG_WARN_ENUM_CONVERSION = YES;
				CLANG_WARN_INFINITE_RECURSION = YES;
				CLANG_WARN_INT_CONVERSION = YES;
				CLANG_WARN_OBJC_ROOT_CLASS = YES_ERROR;
				CLANG_WARN_SUSPICIOUS_MOVE = YES;
				CLANG_WARN_UNREACHABLE_CODE = YES;
				CLANG_WARN__DUPLICATE_METHOD_MATCH = YES;
				"CODE_SIGN_IDENTITY[sdk=iphoneos*]" = "iPhone Developer";
				COPY_PHASE_STRIP = NO;
				DEBUG_INFORMATION_FORMAT = "dwarf-with-dsym";
				ENABLE_NS_ASSERTIONS = NO;
				ENABLE_STRICT_OBJC_MSGSEND = YES;
				GCC_C_LANGUAGE_STANDARD = gnu99;
				GCC_NO_COMMON_BLOCKS = YES;
				GCC_WARN_64_TO_32_BIT_CONVERSION = YES;
				GCC_WARN_ABOUT_RETURN_TYPE = YES_ERROR;
				GCC_WARN_UNDECLARED_SELECTOR = YES;
				GCC_WARN_UNINITIALIZED_AUTOS = YES_AGGRESSIVE;
				GCC_WARN_UNUSED_FUNCTION = YES;
				GCC_WARN_UNUSED_VARIABLE = YES;
				IPHONEOS_DEPLOYMENT_TARGET = 10.2;
				MTL_ENABLE_DEBUG_INFO = NO;
				SDKROOT = iphoneos;
				SWIFT_OPTIMIZATION_LEVEL = "-Owholemodule";
				TARGETED_DEVICE_FAMILY = "1,2";
				VALIDATE_PRODUCT = YES;
			};
			name = Release;
		};
		B3879C771E8783F000FDAC8A /* Debug */ = {
			isa = XCBuildConfiguration;
			buildSettings = {
				ASSETCATALOG_COMPILER_APPICON_NAME = AppIcon;
				DEVELOPMENT_TEAM = 6E9XW5U7WR;
				INFOPLIST_FILE = PeevedPenguins/Info.plist;
				LD_RUNPATH_SEARCH_PATHS = "$(inherited) @executable_path/Frameworks";
				PRODUCT_BUNDLE_IDENTIFIER = com.cap.PeevedPenguins;
				PRODUCT_NAME = "$(TARGET_NAME)";
				SWIFT_VERSION = 3.0;
			};
			name = Debug;
		};
		B3879C781E8783F000FDAC8A /* Release */ = {
			isa = XCBuildConfiguration;
			buildSettings = {
				ASSETCATALOG_COMPILER_APPICON_NAME = AppIcon;
				DEVELOPMENT_TEAM = 6E9XW5U7WR;
				INFOPLIST_FILE = PeevedPenguins/Info.plist;
				LD_RUNPATH_SEARCH_PATHS = "$(inherited) @executable_path/Frameworks";
				PRODUCT_BUNDLE_IDENTIFIER = com.cap.PeevedPenguins;
				PRODUCT_NAME = "$(TARGET_NAME)";
				SWIFT_VERSION = 3.0;
			};
			name = Release;
		};
		B3879C7A1E8783F000FDAC8A /* Debug */ = {
			isa = XCBuildConfiguration;
			buildSettings = {
				ALWAYS_EMBED_SWIFT_STANDARD_LIBRARIES = YES;
				BUNDLE_LOADER = "$(TEST_HOST)";
				DEVELOPMENT_TEAM = 6E9XW5U7WR;
				INFOPLIST_FILE = PeevedPenguinsTests/Info.plist;
				LD_RUNPATH_SEARCH_PATHS = "$(inherited) @executable_path/Frameworks @loader_path/Frameworks";
				PRODUCT_BUNDLE_IDENTIFIER = com.cap.PeevedPenguinsTests;
				PRODUCT_NAME = "$(TARGET_NAME)";
				SWIFT_VERSION = 3.0;
				TEST_HOST = "$(BUILT_PRODUCTS_DIR)/PeevedPenguins.app/PeevedPenguins";
			};
			name = Debug;
		};
		B3879C7B1E8783F000FDAC8A /* Release */ = {
			isa = XCBuildConfiguration;
			buildSettings = {
				ALWAYS_EMBED_SWIFT_STANDARD_LIBRARIES = YES;
				BUNDLE_LOADER = "$(TEST_HOST)";
				DEVELOPMENT_TEAM = 6E9XW5U7WR;
				INFOPLIST_FILE = PeevedPenguinsTests/Info.plist;
				LD_RUNPATH_SEARCH_PATHS = "$(inherited) @executable_path/Frameworks @loader_path/Frameworks";
				PRODUCT_BUNDLE_IDENTIFIER = com.cap.PeevedPenguinsTests;
				PRODUCT_NAME = "$(TARGET_NAME)";
				SWIFT_VERSION = 3.0;
				TEST_HOST = "$(BUILT_PRODUCTS_DIR)/PeevedPenguins.app/PeevedPenguins";
			};
			name = Release;
		};
		B3879C7D1E8783F000FDAC8A /* Debug */ = {
			isa = XCBuildConfiguration;
			buildSettings = {
				ALWAYS_EMBED_SWIFT_STANDARD_LIBRARIES = YES;
				DEVELOPMENT_TEAM = 6E9XW5U7WR;
				INFOPLIST_FILE = PeevedPenguinsUITests/Info.plist;
				LD_RUNPATH_SEARCH_PATHS = "$(inherited) @executable_path/Frameworks @loader_path/Frameworks";
				PRODUCT_BUNDLE_IDENTIFIER = com.cap.PeevedPenguinsUITests;
				PRODUCT_NAME = "$(TARGET_NAME)";
				SWIFT_VERSION = 3.0;
				TEST_TARGET_NAME = PeevedPenguins;
			};
			name = Debug;
		};
		B3879C7E1E8783F000FDAC8A /* Release */ = {
			isa = XCBuildConfiguration;
			buildSettings = {
				ALWAYS_EMBED_SWIFT_STANDARD_LIBRARIES = YES;
				DEVELOPMENT_TEAM = 6E9XW5U7WR;
				INFOPLIST_FILE = PeevedPenguinsUITests/Info.plist;
				LD_RUNPATH_SEARCH_PATHS = "$(inherited) @executable_path/Frameworks @loader_path/Frameworks";
				PRODUCT_BUNDLE_IDENTIFIER = com.cap.PeevedPenguinsUITests;
				PRODUCT_NAME = "$(TARGET_NAME)";
				SWIFT_VERSION = 3.0;
				TEST_TARGET_NAME = PeevedPenguins;
			};
			name = Release;
		};
/* End XCBuildConfiguration section */

/* Begin XCConfigurationList section */
		B3879C431E8783F000FDAC8A /* Build configuration list for PBXProject "PeevedPenguins" */ = {
			isa = XCConfigurationList;
			buildConfigurations = (
				B3879C741E8783F000FDAC8A /* Debug */,
				B3879C751E8783F000FDAC8A /* Release */,
			);
			defaultConfigurationIsVisible = 0;
			defaultConfigurationName = Release;
		};
		B3879C761E8783F000FDAC8A /* Build configuration list for PBXNativeTarget "PeevedPenguins" */ = {
			isa = XCConfigurationList;
			buildConfigurations = (
				B3879C771E8783F000FDAC8A /* Debug */,
				B3879C781E8783F000FDAC8A /* Release */,
			);
			defaultConfigurationIsVisible = 0;
			defaultConfigurationName = Release;
		};
		B3879C791E8783F000FDAC8A /* Build configuration list for PBXNativeTarget "PeevedPenguinsTests" */ = {
			isa = XCConfigurationList;
			buildConfigurations = (
				B3879C7A1E8783F000FDAC8A /* Debug */,
				B3879C7B1E8783F000FDAC8A /* Release */,
			);
			defaultConfigurationIsVisible = 0;
			defaultConfigurationName = Release;
		};
		B3879C7C1E8783F000FDAC8A /* Build configuration list for PBXNativeTarget "PeevedPenguinsUITests" */ = {
			isa = XCConfigurationList;
			buildConfigurations = (
				B3879C7D1E8783F000FDAC8A /* Debug */,
				B3879C7E1E8783F000FDAC8A /* Release */,
			);
			defaultConfigurationIsVisible = 0;
			defaultConfigurationName = Release;
		};
/* End XCConfigurationList section */
	};
	rootObject = B3879C401E8783F000FDAC8A /* Project object */;
}
